// !$*UTF8*$!
{
	archiveVersion = 1;
	classes = {
	};
	objectVersion = 51;
	objects = {

/* Begin PBXBuildFile section */
		2A06FE4E267C8BAC00FB96EC /* AppDelegate.swift in Sources */ = {isa = PBXBuildFile; fileRef = 2A06FE4D267C8BAC00FB96EC /* AppDelegate.swift */; };
		2A06FE50267C8BAC00FB96EC /* SceneDelegate.swift in Sources */ = {isa = PBXBuildFile; fileRef = 2A06FE4F267C8BAC00FB96EC /* SceneDelegate.swift */; };
		2A06FE55267C8BAC00FB96EC /* QuoteListView.storyboard in Resources */ = {isa = PBXBuildFile; fileRef = 2A06FE53267C8BAC00FB96EC /* QuoteListView.storyboard */; };
		2A06FE57267C8BAF00FB96EC /* Assets.xcassets in Resources */ = {isa = PBXBuildFile; fileRef = 2A06FE56267C8BAF00FB96EC /* Assets.xcassets */; };
		2A06FE5A267C8BAF00FB96EC /* LaunchScreen.storyboard in Resources */ = {isa = PBXBuildFile; fileRef = 2A06FE58267C8BAF00FB96EC /* LaunchScreen.storyboard */; };
		2A8B721D267C923100CDCC91 /* QuoteListPresenter.swift in Sources */ = {isa = PBXBuildFile; fileRef = 2A8B7218267C923100CDCC91 /* QuoteListPresenter.swift */; };
		2A8B721E267C923100CDCC91 /* QuoteListRouter.swift in Sources */ = {isa = PBXBuildFile; fileRef = 2A8B7219267C923100CDCC91 /* QuoteListRouter.swift */; };
		2A8B721F267C923100CDCC91 /* QuoteListInteractor.swift in Sources */ = {isa = PBXBuildFile; fileRef = 2A8B721A267C923100CDCC91 /* QuoteListInteractor.swift */; };
		2A8B7220267C923100CDCC91 /* QuoteListView.swift in Sources */ = {isa = PBXBuildFile; fileRef = 2A8B721B267C923100CDCC91 /* QuoteListView.swift */; };
		2A8B7221267C923100CDCC91 /* QuoteListEntity.swift in Sources */ = {isa = PBXBuildFile; fileRef = 2A8B721C267C923100CDCC91 /* QuoteListEntity.swift */; };
		2A8B7223267C92DE00CDCC91 /* ApiManager.swift in Sources */ = {isa = PBXBuildFile; fileRef = 2A8B7222267C92DE00CDCC91 /* ApiManager.swift */; };
		2A8B722A267CE62E00CDCC91 /* QuoteDetailPresenter.swift in Sources */ = {isa = PBXBuildFile; fileRef = 2A8B7225267CE62E00CDCC91 /* QuoteDetailPresenter.swift */; };
		2A8B722B267CE62E00CDCC91 /* QuoteDetailRouter.swift in Sources */ = {isa = PBXBuildFile; fileRef = 2A8B7226267CE62E00CDCC91 /* QuoteDetailRouter.swift */; };
		2A8B722C267CE62E00CDCC91 /* QuoteDetailInteractor.swift in Sources */ = {isa = PBXBuildFile; fileRef = 2A8B7227267CE62E00CDCC91 /* QuoteDetailInteractor.swift */; };
		2A8B722D267CE62E00CDCC91 /* QuoteDetailView.swift in Sources */ = {isa = PBXBuildFile; fileRef = 2A8B7228267CE62E00CDCC91 /* QuoteDetailView.swift */; };
		2A8B722E267CE62E00CDCC91 /* QuoteDetailEntity.swift in Sources */ = {isa = PBXBuildFile; fileRef = 2A8B7229267CE62E00CDCC91 /* QuoteDetailEntity.swift */; };
		B13B1FD4702C2383971E4DE5 /* Pods_Sample_RxViper.framework in Frameworks */ = {isa = PBXBuildFile; fileRef = 8C44D9175336165E295061F3 /* Pods_Sample_RxViper.framework */; };
/* End PBXBuildFile section */

/* Begin PBXFileReference section */
		2A06FE4A267C8BAC00FB96EC /* Sample RxViper.app */ = {isa = PBXFileReference; explicitFileType = wrapper.application; includeInIndex = 0; path = "Sample RxViper.app"; sourceTree = BUILT_PRODUCTS_DIR; };
		2A06FE4D267C8BAC00FB96EC /* AppDelegate.swift */ = {isa = PBXFileReference; lastKnownFileType = sourcecode.swift; path = AppDelegate.swift; sourceTree = "<group>"; };
		2A06FE4F267C8BAC00FB96EC /* SceneDelegate.swift */ = {isa = PBXFileReference; lastKnownFileType = sourcecode.swift; path = SceneDelegate.swift; sourceTree = "<group>"; };
		2A06FE54267C8BAC00FB96EC /* Base */ = {isa = PBXFileReference; lastKnownFileType = file.storyboard; name = Base; path = Base.lproj/QuoteListView.storyboard; sourceTree = "<group>"; };
		2A06FE56267C8BAF00FB96EC /* Assets.xcassets */ = {isa = PBXFileReference; lastKnownFileType = folder.assetcatalog; path = Assets.xcassets; sourceTree = "<group>"; };
		2A06FE59267C8BAF00FB96EC /* Base */ = {isa = PBXFileReference; lastKnownFileType = file.storyboard; name = Base; path = Base.lproj/LaunchScreen.storyboard; sourceTree = "<group>"; };
		2A06FE5B267C8BAF00FB96EC /* Info.plist */ = {isa = PBXFileReference; lastKnownFileType = text.plist.xml; path = Info.plist; sourceTree = "<group>"; };
		2A8B7218267C923100CDCC91 /* QuoteListPresenter.swift */ = {isa = PBXFileReference; lastKnownFileType = sourcecode.swift; path = QuoteListPresenter.swift; sourceTree = "<group>"; };
		2A8B7219267C923100CDCC91 /* QuoteListRouter.swift */ = {isa = PBXFileReference; lastKnownFileType = sourcecode.swift; path = QuoteListRouter.swift; sourceTree = "<group>"; };
		2A8B721A267C923100CDCC91 /* QuoteListInteractor.swift */ = {isa = PBXFileReference; lastKnownFileType = sourcecode.swift; path = QuoteListInteractor.swift; sourceTree = "<group>"; };
		2A8B721B267C923100CDCC91 /* QuoteListView.swift */ = {isa = PBXFileReference; lastKnownFileType = sourcecode.swift; path = QuoteListView.swift; sourceTree = "<group>"; };
		2A8B721C267C923100CDCC91 /* QuoteListEntity.swift */ = {isa = PBXFileReference; lastKnownFileType = sourcecode.swift; path = QuoteListEntity.swift; sourceTree = "<group>"; };
		2A8B7222267C92DE00CDCC91 /* ApiManager.swift */ = {isa = PBXFileReference; lastKnownFileType = sourcecode.swift; path = ApiManager.swift; sourceTree = "<group>"; };
		2A8B7225267CE62E00CDCC91 /* QuoteDetailPresenter.swift */ = {isa = PBXFileReference; lastKnownFileType = sourcecode.swift; path = QuoteDetailPresenter.swift; sourceTree = "<group>"; };
		2A8B7226267CE62E00CDCC91 /* QuoteDetailRouter.swift */ = {isa = PBXFileReference; lastKnownFileType = sourcecode.swift; path = QuoteDetailRouter.swift; sourceTree = "<group>"; };
		2A8B7227267CE62E00CDCC91 /* QuoteDetailInteractor.swift */ = {isa = PBXFileReference; lastKnownFileType = sourcecode.swift; path = QuoteDetailInteractor.swift; sourceTree = "<group>"; };
		2A8B7228267CE62E00CDCC91 /* QuoteDetailView.swift */ = {isa = PBXFileReference; lastKnownFileType = sourcecode.swift; path = QuoteDetailView.swift; sourceTree = "<group>"; };
		2A8B7229267CE62E00CDCC91 /* QuoteDetailEntity.swift */ = {isa = PBXFileReference; lastKnownFileType = sourcecode.swift; path = QuoteDetailEntity.swift; sourceTree = "<group>"; };
		8C44D9175336165E295061F3 /* Pods_Sample_RxViper.framework */ = {isa = PBXFileReference; explicitFileType = wrapper.framework; includeInIndex = 0; path = Pods_Sample_RxViper.framework; sourceTree = BUILT_PRODUCTS_DIR; };
		C0601AB7C01601302E6D56B7 /* Pods-Sample RxViper.release.xcconfig */ = {isa = PBXFileReference; includeInIndex = 1; lastKnownFileType = text.xcconfig; name = "Pods-Sample RxViper.release.xcconfig"; path = "Target Support Files/Pods-Sample RxViper/Pods-Sample RxViper.release.xcconfig"; sourceTree = "<group>"; };
		FD5675DFD35EE05044397A42 /* Pods-Sample RxViper.debug.xcconfig */ = {isa = PBXFileReference; includeInIndex = 1; lastKnownFileType = text.xcconfig; name = "Pods-Sample RxViper.debug.xcconfig"; path = "Target Support Files/Pods-Sample RxViper/Pods-Sample RxViper.debug.xcconfig"; sourceTree = "<group>"; };
/* End PBXFileReference section */

/* Begin PBXFrameworksBuildPhase section */
		2A06FE47267C8BAC00FB96EC /* Frameworks */ = {
			isa = PBXFrameworksBuildPhase;
			buildActionMask = 2147483647;
			files = (
				B13B1FD4702C2383971E4DE5 /* Pods_Sample_RxViper.framework in Frameworks */,
			);
			runOnlyForDeploymentPostprocessing = 0;
		};
/* End PBXFrameworksBuildPhase section */

/* Begin PBXGroup section */
		2A06FE41267C8BAC00FB96EC = {
			isa = PBXGroup;
			children = (
				2A06FE4C267C8BAC00FB96EC /* Sample RxViper */,
				2A06FE4B267C8BAC00FB96EC /* Products */,
				BBEA830253B64AB9135F7D8A /* Pods */,
				7AECDDB918B60CB09315E643 /* Frameworks */,
			);
			sourceTree = "<group>";
		};
		2A06FE4B267C8BAC00FB96EC /* Products */ = {
			isa = PBXGroup;
			children = (
				2A06FE4A267C8BAC00FB96EC /* Sample RxViper.app */,
			);
			name = Products;
			sourceTree = "<group>";
		};
		2A06FE4C267C8BAC00FB96EC /* Sample RxViper */ = {
			isa = PBXGroup;
			children = (
				2A8B7208267C904700CDCC91 /* App */,
				2A8B720C267C908300CDCC91 /* Global */,
				2A8B7209267C904E00CDCC91 /* Modules */,
				2A8B720B267C905B00CDCC91 /* Resources */,
			);
			path = "Sample RxViper";
			sourceTree = "<group>";
		};
		2A8B7208267C904700CDCC91 /* App */ = {
			isa = PBXGroup;
			children = (
				2A06FE4D267C8BAC00FB96EC /* AppDelegate.swift */,
				2A06FE4F267C8BAC00FB96EC /* SceneDelegate.swift */,
			);
			path = App;
			sourceTree = "<group>";
		};
		2A8B7209267C904E00CDCC91 /* Modules */ = {
			isa = PBXGroup;
			children = (
				2A8B720D267C909000CDCC91 /* QuoteList */,
				2A8B7224267CE60900CDCC91 /* QuoteDetail */,
			);
			path = Modules;
			sourceTree = "<group>";
		};
		2A8B720B267C905B00CDCC91 /* Resources */ = {
			isa = PBXGroup;
			children = (
				2A06FE56267C8BAF00FB96EC /* Assets.xcassets */,
				2A06FE58267C8BAF00FB96EC /* LaunchScreen.storyboard */,
				2A06FE5B267C8BAF00FB96EC /* Info.plist */,
			);
			name = Resources;
			sourceTree = "<group>";
		};
		2A8B720C267C908300CDCC91 /* Global */ = {
			isa = PBXGroup;
			children = (
				2A8B7222267C92DE00CDCC91 /* ApiManager.swift */,
			);
			path = Global;
			sourceTree = "<group>";
		};
		2A8B720D267C909000CDCC91 /* QuoteList */ = {
			isa = PBXGroup;
			children = (
				2A8B721B267C923100CDCC91 /* QuoteListView.swift */,
				2A06FE53267C8BAC00FB96EC /* QuoteListView.storyboard */,
				2A8B7218267C923100CDCC91 /* QuoteListPresenter.swift */,
				2A8B721A267C923100CDCC91 /* QuoteListInteractor.swift */,
				2A8B7219267C923100CDCC91 /* QuoteListRouter.swift */,
				2A8B721C267C923100CDCC91 /* QuoteListEntity.swift */,
			);
			path = QuoteList;
			sourceTree = "<group>";
		};
		2A8B7224267CE60900CDCC91 /* QuoteDetail */ = {
			isa = PBXGroup;
			children = (
				2A8B7225267CE62E00CDCC91 /* QuoteDetailPresenter.swift */,
				2A8B7226267CE62E00CDCC91 /* QuoteDetailRouter.swift */,
				2A8B7227267CE62E00CDCC91 /* QuoteDetailInteractor.swift */,
				2A8B7228267CE62E00CDCC91 /* QuoteDetailView.swift */,
				2A8B7229267CE62E00CDCC91 /* QuoteDetailEntity.swift */,
			);
			path = QuoteDetail;
			sourceTree = "<group>";
		};
		7AECDDB918B60CB09315E643 /* Frameworks */ = {
			isa = PBXGroup;
			children = (
				8C44D9175336165E295061F3 /* Pods_Sample_RxViper.framework */,
			);
			name = Frameworks;
			sourceTree = "<group>";
		};
		BBEA830253B64AB9135F7D8A /* Pods */ = {
			isa = PBXGroup;
			children = (
				FD5675DFD35EE05044397A42 /* Pods-Sample RxViper.debug.xcconfig */,
				C0601AB7C01601302E6D56B7 /* Pods-Sample RxViper.release.xcconfig */,
			);
			path = Pods;
			sourceTree = "<group>";
		};
/* End PBXGroup section */

/* Begin PBXNativeTarget section */
		2A06FE49267C8BAC00FB96EC /* Sample RxViper */ = {
			isa = PBXNativeTarget;
			buildConfigurationList = 2A06FE5E267C8BAF00FB96EC /* Build configuration list for PBXNativeTarget "Sample RxViper" */;
			buildPhases = (
				8467324170FB56C279DA8963 /* [CP] Check Pods Manifest.lock */,
				2A06FE46267C8BAC00FB96EC /* Sources */,
				2A06FE47267C8BAC00FB96EC /* Frameworks */,
				2A06FE48267C8BAC00FB96EC /* Resources */,
				EA520562B21B269F15E6B888 /* [CP] Embed Pods Frameworks */,
			);
			buildRules = (
			);
			dependencies = (
			);
			name = "Sample RxViper";
			productName = "Sample RxViper";
			productReference = 2A06FE4A267C8BAC00FB96EC /* Sample RxViper.app */;
			productType = "com.apple.product-type.application";
		};
/* End PBXNativeTarget section */

/* Begin PBXProject section */
		2A06FE42267C8BAC00FB96EC /* Project object */ = {
			isa = PBXProject;
			attributes = {
				LastSwiftUpdateCheck = 1250;
				LastUpgradeCheck = 1250;
				TargetAttributes = {
					2A06FE49267C8BAC00FB96EC = {
						CreatedOnToolsVersion = 12.5;
					};
				};
			};
			buildConfigurationList = 2A06FE45267C8BAC00FB96EC /* Build configuration list for PBXProject "Sample RxViper" */;
			compatibilityVersion = "Xcode 9.3";
			developmentRegion = en;
			hasScannedForEncodings = 0;
			knownRegions = (
				en,
				Base,
			);
			mainGroup = 2A06FE41267C8BAC00FB96EC;
			productRefGroup = 2A06FE4B267C8BAC00FB96EC /* Products */;
			projectDirPath = "";
			projectRoot = "";
			targets = (
				2A06FE49267C8BAC00FB96EC /* Sample RxViper */,
			);
		};
/* End PBXProject section */

/* Begin PBXResourcesBuildPhase section */
		2A06FE48267C8BAC00FB96EC /* Resources */ = {
			isa = PBXResourcesBuildPhase;
			buildActionMask = 2147483647;
			files = (
				2A06FE5A267C8BAF00FB96EC /* LaunchScreen.storyboard in Resources */,
				2A06FE57267C8BAF00FB96EC /* Assets.xcassets in Resources */,
				2A06FE55267C8BAC00FB96EC /* QuoteListView.storyboard in Resources */,
			);
			runOnlyForDeploymentPostprocessing = 0;
		};
/* End PBXResourcesBuildPhase section */

/* Begin PBXShellScriptBuildPhase section */
		8467324170FB56C279DA8963 /* [CP] Check Pods Manifest.lock */ = {
			isa = PBXShellScriptBuildPhase;
			buildActionMask = 2147483647;
			files = (
			);
			inputFileListPaths = (
			);
			inputPaths = (
				"${PODS_PODFILE_DIR_PATH}/Podfile.lock",
				"${PODS_ROOT}/Manifest.lock",
			);
			name = "[CP] Check Pods Manifest.lock";
			outputFileListPaths = (
			);
			outputPaths = (
				"$(DERIVED_FILE_DIR)/Pods-Sample RxViper-checkManifestLockResult.txt",
			);
			runOnlyForDeploymentPostprocessing = 0;
			shellPath = /bin/sh;
			shellScript = "diff \"${PODS_PODFILE_DIR_PATH}/Podfile.lock\" \"${PODS_ROOT}/Manifest.lock\" > /dev/null\nif [ $? != 0 ] ; then\n    # print error to STDERR\n    echo \"error: The sandbox is not in sync with the Podfile.lock. Run 'pod install' or update your CocoaPods installation.\" >&2\n    exit 1\nfi\n# This output is used by Xcode 'outputs' to avoid re-running this script phase.\necho \"SUCCESS\" > \"${SCRIPT_OUTPUT_FILE_0}\"\n";
			showEnvVarsInLog = 0;
		};
		EA520562B21B269F15E6B888 /* [CP] Embed Pods Frameworks */ = {
			isa = PBXShellScriptBuildPhase;
			buildActionMask = 2147483647;
			files = (
			);
			inputFileListPaths = (
				"${PODS_ROOT}/Target Support Files/Pods-Sample RxViper/Pods-Sample RxViper-frameworks-${CONFIGURATION}-input-files.xcfilelist",
			);
			name = "[CP] Embed Pods Frameworks";
			outputFileListPaths = (
				"${PODS_ROOT}/Target Support Files/Pods-Sample RxViper/Pods-Sample RxViper-frameworks-${CONFIGURATION}-output-files.xcfilelist",
			);
			runOnlyForDeploymentPostprocessing = 0;
			shellPath = /bin/sh;
			shellScript = "\"${PODS_ROOT}/Target Support Files/Pods-Sample RxViper/Pods-Sample RxViper-frameworks.sh\"\n";
			showEnvVarsInLog = 0;
		};
/* End PBXShellScriptBuildPhase section */

/* Begin PBXSourcesBuildPhase section */
		2A06FE46267C8BAC00FB96EC /* Sources */ = {
			isa = PBXSourcesBuildPhase;
			buildActionMask = 2147483647;
			files = (
				2A8B722D267CE62E00CDCC91 /* QuoteDetailView.swift in Sources */,
				2A8B7223267C92DE00CDCC91 /* ApiManager.swift in Sources */,
				2A8B722C267CE62E00CDCC91 /* QuoteDetailInteractor.swift in Sources */,
				2A8B722E267CE62E00CDCC91 /* QuoteDetailEntity.swift in Sources */,
				2A8B7220267C923100CDCC91 /* QuoteListView.swift in Sources */,
				2A8B721D267C923100CDCC91 /* QuoteListPresenter.swift in Sources */,
				2A8B722A267CE62E00CDCC91 /* QuoteDetailPresenter.swift in Sources */,
				2A06FE4E267C8BAC00FB96EC /* AppDelegate.swift in Sources */,
				2A8B721F267C923100CDCC91 /* QuoteListInteractor.swift in Sources */,
				2A8B721E267C923100CDCC91 /* QuoteListRouter.swift in Sources */,
				2A06FE50267C8BAC00FB96EC /* SceneDelegate.swift in Sources */,
				2A8B722B267CE62E00CDCC91 /* QuoteDetailRouter.swift in Sources */,
				2A8B7221267C923100CDCC91 /* QuoteListEntity.swift in Sources */,
			);
			runOnlyForDeploymentPostprocessing = 0;
		};
/* End PBXSourcesBuildPhase section */

/* Begin PBXVariantGroup section */
		2A06FE53267C8BAC00FB96EC /* QuoteListView.storyboard */ = {
			isa = PBXVariantGroup;
			children = (
				2A06FE54267C8BAC00FB96EC /* Base */,
			);
			name = QuoteListView.storyboard;
			sourceTree = "<group>";
		};
		2A06FE58267C8BAF00FB96EC /* LaunchScreen.storyboard */ = {
			isa = PBXVariantGroup;
			children = (
				2A06FE59267C8BAF00FB96EC /* Base */,
			);
			name = LaunchScreen.storyboard;
			sourceTree = "<group>";
		};
/* End PBXVariantGroup section */

/* Begin XCBuildConfiguration section */
		2A06FE5C267C8BAF00FB96EC /* Debug */ = {
			isa = XCBuildConfiguration;
			buildSettings = {
				ALWAYS_SEARCH_USER_PATHS = NO;
				CLANG_ANALYZER_NONNULL = YES;
				CLANG_ANALYZER_NUMBER_OBJECT_CONVERSION = YES_AGGRESSIVE;
				CLANG_CXX_LANGUAGE_STANDARD = "gnu++14";
				CLANG_CXX_LIBRARY = "libc++";
				CLANG_ENABLE_MODULES = YES;
				CLANG_ENABLE_OBJC_ARC = YES;
				CLANG_ENABLE_OBJC_WEAK = YES;
				CLANG_WARN_BLOCK_CAPTURE_AUTORELEASING = YES;
				CLANG_WARN_BOOL_CONVERSION = YES;
				CLANG_WARN_COMMA = YES;
				CLANG_WARN_CONSTANT_CONVERSION = YES;
				CLANG_WARN_DEPRECATED_OBJC_IMPLEMENTATIONS = YES;
				CLANG_WARN_DIRECT_OBJC_ISA_USAGE = YES_ERROR;
				CLANG_WARN_DOCUMENTATION_COMMENTS = YES;
				CLANG_WARN_EMPTY_BODY = YES;
				CLANG_WARN_ENUM_CONVERSION = YES;
				CLANG_WARN_INFINITE_RECURSION = YES;
				CLANG_WARN_INT_CONVERSION = YES;
				CLANG_WARN_NON_LITERAL_NULL_CONVERSION = YES;
				CLANG_WARN_OBJC_IMPLICIT_RETAIN_SELF = YES;
				CLANG_WARN_OBJC_LITERAL_CONVERSION = YES;
				CLANG_WARN_OBJC_ROOT_CLASS = YES_ERROR;
				CLANG_WARN_QUOTED_INCLUDE_IN_FRAMEWORK_HEADER = YES;
				CLANG_WARN_RANGE_LOOP_ANALYSIS = YES;
				CLANG_WARN_STRICT_PROTOTYPES = YES;
				CLANG_WARN_SUSPICIOUS_MOVE = YES;
				CLANG_WARN_UNGUARDED_AVAILABILITY = YES_AGGRESSIVE;
				CLANG_WARN_UNREACHABLE_CODE = YES;
				CLANG_WARN__DUPLICATE_METHOD_MATCH = YES;
				COPY_PHASE_STRIP = NO;
				DEBUG_INFORMATION_FORMAT = dwarf;
				ENABLE_STRICT_OBJC_MSGSEND = YES;
				ENABLE_TESTABILITY = YES;
				GCC_C_LANGUAGE_STANDARD = gnu11;
				GCC_DYNAMIC_NO_PIC = NO;
				GCC_NO_COMMON_BLOCKS = YES;
				GCC_OPTIMIZATION_LEVEL = 0;
				GCC_PREPROCESSOR_DEFINITIONS = (
					"DEBUG=1",
					"$(inherited)",
				);
				GCC_WARN_64_TO_32_BIT_CONVERSION = YES;
				GCC_WARN_ABOUT_RETURN_TYPE = YES_ERROR;
				GCC_WARN_UNDECLARED_SELECTOR = YES;
				GCC_WARN_UNINITIALIZED_AUTOS = YES_AGGRESSIVE;
				GCC_WARN_UNUSED_FUNCTION = YES;
				GCC_WARN_UNUSED_VARIABLE = YES;
				IPHONEOS_DEPLOYMENT_TARGET = 14.5;
				MTL_ENABLE_DEBUG_INFO = INCLUDE_SOURCE;
				MTL_FAST_MATH = YES;
				ONLY_ACTIVE_ARCH = YES;
				SDKROOT = iphoneos;
				SWIFT_ACTIVE_COMPILATION_CONDITIONS = DEBUG;
				SWIFT_OPTIMIZATION_LEVEL = "-Onone";
			};
			name = Debug;
		};
		2A06FE5D267C8BAF00FB96EC /* Release */ = {
			isa = XCBuildConfiguration;
			buildSettings = {
				ALWAYS_SEARCH_USER_PATHS = NO;
				CLANG_ANALYZER_NONNULL = YES;
				CLANG_ANALYZER_NUMBER_OBJECT_CONVERSION = YES_AGGRESSIVE;
				CLANG_CXX_LANGUAGE_STANDARD = "gnu++14";
				CLANG_CXX_LIBRARY = "libc++";
				CLANG_ENABLE_MODULES = YES;
				CLANG_ENABLE_OBJC_ARC = YES;
				CLANG_ENABLE_OBJC_WEAK = YES;
				CLANG_WARN_BLOCK_CAPTURE_AUTORELEASING = YES;
				CLANG_WARN_BOOL_CONVERSION = YES;
				CLANG_WARN_COMMA = YES;
				CLANG_WARN_CONSTANT_CONVERSION = YES;
				CLANG_WARN_DEPRECATED_OBJC_IMPLEMENTATIONS = YES;
				CLANG_WARN_DIRECT_OBJC_ISA_USAGE = YES_ERROR;
				CLANG_WARN_DOCUMENTATION_COMMENTS = YES;
				CLANG_WARN_EMPTY_BODY = YES;
				CLANG_WARN_ENUM_CONVERSION = YES;
				CLANG_WARN_INFINITE_RECURSION = YES;
				CLANG_WARN_INT_CONVERSION = YES;
				CLANG_WARN_NON_LITERAL_NULL_CONVERSION = YES;
				CLANG_WARN_OBJC_IMPLICIT_RETAIN_SELF = YES;
				CLANG_WARN_OBJC_LITERAL_CONVERSION = YES;
				CLANG_WARN_OBJC_ROOT_CLASS = YES_ERROR;
				CLANG_WARN_QUOTED_INCLUDE_IN_FRAMEWORK_HEADER = YES;
				CLANG_WARN_RANGE_LOOP_ANALYSIS = YES;
				CLANG_WARN_STRICT_PROTOTYPES = YES;
				CLANG_WARN_SUSPICIOUS_MOVE = YES;
				CLANG_WARN_UNGUARDED_AVAILABILITY = YES_AGGRESSIVE;
				CLANG_WARN_UNREACHABLE_CODE = YES;
				CLANG_WARN__DUPLICATE_METHOD_MATCH = YES;
				COPY_PHASE_STRIP = NO;
				DEBUG_INFORMATION_FORMAT = "dwarf-with-dsym";
				ENABLE_NS_ASSERTIONS = NO;
				ENABLE_STRICT_OBJC_MSGSEND = YES;
				GCC_C_LANGUAGE_STANDARD = gnu11;
				GCC_NO_COMMON_BLOCKS = YES;
				GCC_WARN_64_TO_32_BIT_CONVERSION = YES;
				GCC_WARN_ABOUT_RETURN_TYPE = YES_ERROR;
				GCC_WARN_UNDECLARED_SELECTOR = YES;
				GCC_WARN_UNINITIALIZED_AUTOS = YES_AGGRESSIVE;
				GCC_WARN_UNUSED_FUNCTION = YES;
				GCC_WARN_UNUSED_VARIABLE = YES;
				IPHONEOS_DEPLOYMENT_TARGET = 14.5;
				MTL_ENABLE_DEBUG_INFO = NO;
				MTL_FAST_MATH = YES;
				SDKROOT = iphoneos;
				SWIFT_COMPILATION_MODE = wholemodule;
				SWIFT_OPTIMIZATION_LEVEL = "-O";
				VALIDATE_PRODUCT = YES;
			};
			name = Release;
		};
		2A06FE5F267C8BAF00FB96EC /* Debug */ = {
			isa = XCBuildConfiguration;
			baseConfigurationReference = FD5675DFD35EE05044397A42 /* Pods-Sample RxViper.debug.xcconfig */;
			buildSettings = {
				ASSETCATALOG_COMPILER_APPICON_NAME = AppIcon;
				ASSETCATALOG_COMPILER_GLOBAL_ACCENT_COLOR_NAME = AccentColor;
				CODE_SIGN_STYLE = Automatic;
				DEVELOPMENT_TEAM = 4L7CSTPQKF;
				INFOPLIST_FILE = "Sample RxViper/Info.plist";
				IPHONEOS_DEPLOYMENT_TARGET = 12.1;
				LD_RUNPATH_SEARCH_PATHS = (
					"$(inherited)",
					"@executable_path/Frameworks",
				);
				PRODUCT_BUNDLE_IDENTIFIER = "com.Sample-RxViper";
				PRODUCT_NAME = "$(TARGET_NAME)";
				SWIFT_VERSION = 5.0;
				TARGETED_DEVICE_FAMILY = 1;
			};
			name = Debug;
		};
		2A06FE60267C8BAF00FB96EC /* Release */ = {
			isa = XCBuildConfiguration;
			baseConfigurationReference = C0601AB7C01601302E6D56B7 /* Pods-Sample RxViper.release.xcconfig */;
			buildSettings = {
				ASSETCATALOG_COMPILER_APPICON_NAME = AppIcon;
				ASSETCATALOG_COMPILER_GLOBAL_ACCENT_COLOR_NAME = AccentColor;
				CODE_SIGN_STYLE = Automatic;
				DEVELOPMENT_TEAM = 4L7CSTPQKF;
				INFOPLIST_FILE = "Sample RxViper/Info.plist";
				IPHONEOS_DEPLOYMENT_TARGET = 12.1;
				LD_RUNPATH_SEARCH_PATHS = (
					"$(inherited)",
					"@executable_path/Frameworks",
				);
				PRODUCT_BUNDLE_IDENTIFIER = "com.Sample-RxViper";
				PRODUCT_NAME = "$(TARGET_NAME)";
				SWIFT_VERSION = 5.0;
				TARGETED_DEVICE_FAMILY = 1;
			};
			name = Release;
		};
/* End XCBuildConfiguration section */

/* Begin XCConfigurationList section */
		2A06FE45267C8BAC00FB96EC /* Build configuration list for PBXProject "Sample RxViper" */ = {
			isa = XCConfigurationList;
			buildConfigurations = (
				2A06FE5C267C8BAF00FB96EC /* Debug */,
				2A06FE5D267C8BAF00FB96EC /* Release */,
			);
			defaultConfigurationIsVisible = 0;
			defaultConfigurationName = Release;
		};
		2A06FE5E267C8BAF00FB96EC /* Build configuration list for PBXNativeTarget "Sample RxViper" */ = {
			isa = XCConfigurationList;
			buildConfigurations = (
				2A06FE5F267C8BAF00FB96EC /* Debug */,
				2A06FE60267C8BAF00FB96EC /* Release */,
			);
			defaultConfigurationIsVisible = 0;
			defaultConfigurationName = Release;
		};
/* End XCConfigurationList section */
	};
	rootObject = 2A06FE42267C8BAC00FB96EC /* Project object */;
}
